// !$*UTF8*$!
{
	archiveVersion = 1;
	classes = {
	};
	objectVersion = 46;
	objects = {

/* Begin PBXBuildFile section */
		C320FDC11B408C9A000569CE /* main.m in Sources */ = {isa = PBXBuildFile; fileRef = C320FDC01B408C9A000569CE /* main.m */; };
		C320FDC41B408C9A000569CE /* AppDelegate.m in Sources */ = {isa = PBXBuildFile; fileRef = C320FDC31B408C9A000569CE /* AppDelegate.m */; };
		C320FDCC1B408C9A000569CE /* Images.xcassets in Resources */ = {isa = PBXBuildFile; fileRef = C320FDCB1B408C9A000569CE /* Images.xcassets */; };
		C320FDCF1B408C9A000569CE /* LaunchScreen.xib in Resources */ = {isa = PBXBuildFile; fileRef = C320FDCD1B408C9A000569CE /* LaunchScreen.xib */; };
		C320FDDB1B408C9A000569CE /* DMFlightsTests.m in Sources */ = {isa = PBXBuildFile; fileRef = C320FDDA1B408C9A000569CE /* DMFlightsTests.m */; };
		C320FDE81B408D0A000569CE /* DMFlightsFoundation.framework in Frameworks */ = {isa = PBXBuildFile; fileRef = C320FDE71B408D0A000569CE /* DMFlightsFoundation.framework */; };
/* End PBXBuildFile section */

/* Begin PBXContainerItemProxy section */
		C320FDD51B408C9A000569CE /* PBXContainerItemProxy */ = {
			isa = PBXContainerItemProxy;
			containerPortal = C320FDB31B408C9A000569CE /* Project object */;
			proxyType = 1;
			remoteGlobalIDString = C320FDBA1B408C9A000569CE;
			remoteInfo = DMFlights;
		};
/* End PBXContainerItemProxy section */

/* Begin PBXFileReference section */
		C320FDBB1B408C9A000569CE /* DMFlights.app */ = {isa = PBXFileReference; explicitFileType = wrapper.application; includeInIndex = 0; path = DMFlights.app; sourceTree = BUILT_PRODUCTS_DIR; };
		C320FDBF1B408C9A000569CE /* Info.plist */ = {isa = PBXFileReference; lastKnownFileType = text.plist.xml; path = Info.plist; sourceTree = "<group>"; };
		C320FDC01B408C9A000569CE /* main.m */ = {isa = PBXFileReference; lastKnownFileType = sourcecode.c.objc; path = main.m; sourceTree = "<group>"; };
		C320FDC21B408C9A000569CE /* AppDelegate.h */ = {isa = PBXFileReference; lastKnownFileType = sourcecode.c.h; path = AppDelegate.h; sourceTree = "<group>"; };
		C320FDC31B408C9A000569CE /* AppDelegate.m */ = {isa = PBXFileReference; lastKnownFileType = sourcecode.c.objc; path = AppDelegate.m; sourceTree = "<group>"; };
		C320FDCB1B408C9A000569CE /* Images.xcassets */ = {isa = PBXFileReference; lastKnownFileType = folder.assetcatalog; path = Images.xcassets; sourceTree = "<group>"; };
		C320FDCE1B408C9A000569CE /* Base */ = {isa = PBXFileReference; lastKnownFileType = file.xib; name = Base; path = Base.lproj/LaunchScreen.xib; sourceTree = "<group>"; };
		C320FDD41B408C9A000569CE /* DMFlightsTests.xctest */ = {isa = PBXFileReference; explicitFileType = wrapper.cfbundle; includeInIndex = 0; path = DMFlightsTests.xctest; sourceTree = BUILT_PRODUCTS_DIR; };
		C320FDD91B408C9A000569CE /* Info.plist */ = {isa = PBXFileReference; lastKnownFileType = text.plist.xml; path = Info.plist; sourceTree = "<group>"; };
		C320FDDA1B408C9A000569CE /* DMFlightsTests.m */ = {isa = PBXFileReference; lastKnownFileType = sourcecode.c.objc; path = DMFlightsTests.m; sourceTree = "<group>"; };
		C320FDE71B408D0A000569CE /* DMFlightsFoundation.framework */ = {isa = PBXFileReference; lastKnownFileType = wrapper.framework; name = DMFlightsFoundation.framework; path = "/Users/matiasservetto/Documents/XcodeWorkspace/FrameworksSample/DMFlightsFoundation/build/Debug-iphoneos/DMFlightsFoundation.framework"; sourceTree = "<absolute>"; };
/* End PBXFileReference section */

/* Begin PBXFrameworksBuildPhase section */
		C320FDB81B408C9A000569CE /* Frameworks */ = {
			isa = PBXFrameworksBuildPhase;
			buildActionMask = 2147483647;
			files = (
				C320FDE81B408D0A000569CE /* DMFlightsFoundation.framework in Frameworks */,
			);
			runOnlyForDeploymentPostprocessing = 0;
		};
		C320FDD11B408C9A000569CE /* Frameworks */ = {
			isa = PBXFrameworksBuildPhase;
			buildActionMask = 2147483647;
			files = (
			);
			runOnlyForDeploymentPostprocessing = 0;
		};
/* End PBXFrameworksBuildPhase section */

/* Begin PBXGroup section */
		C320FDB21B408C9A000569CE = {
			isa = PBXGroup;
			children = (
				C320FDE91B408D0E000569CE /* Frameworks */,
				C320FDBD1B408C9A000569CE /* DMFlights */,
				C320FDD71B408C9A000569CE /* DMFlightsTests */,
				C320FDBC1B408C9A000569CE /* Products */,
			);
			sourceTree = "<group>";
		};
		C320FDBC1B408C9A000569CE /* Products */ = {
			isa = PBXGroup;
			children = (
				C320FDBB1B408C9A000569CE /* DMFlights.app */,
				C320FDD41B408C9A000569CE /* DMFlightsTests.xctest */,
			);
			name = Products;
			sourceTree = "<group>";
		};
		C320FDBD1B408C9A000569CE /* DMFlights */ = {
			isa = PBXGroup;
			children = (
				C320FDC21B408C9A000569CE /* AppDelegate.h */,
				C320FDC31B408C9A000569CE /* AppDelegate.m */,
				C320FDCB1B408C9A000569CE /* Images.xcassets */,
				C320FDCD1B408C9A000569CE /* LaunchScreen.xib */,
				C320FDBE1B408C9A000569CE /* Supporting Files */,
			);
			path = DMFlights;
			sourceTree = "<group>";
		};
		C320FDBE1B408C9A000569CE /* Supporting Files */ = {
			isa = PBXGroup;
			children = (
				C320FDBF1B408C9A000569CE /* Info.plist */,
				C320FDC01B408C9A000569CE /* main.m */,
			);
			name = "Supporting Files";
			sourceTree = "<group>";
		};
		C320FDD71B408C9A000569CE /* DMFlightsTests */ = {
			isa = PBXGroup;
			children = (
				C320FDDA1B408C9A000569CE /* DMFlightsTests.m */,
				C320FDD81B408C9A000569CE /* Supporting Files */,
			);
			path = DMFlightsTests;
			sourceTree = "<group>";
		};
		C320FDD81B408C9A000569CE /* Supporting Files */ = {
			isa = PBXGroup;
			children = (
				C320FDD91B408C9A000569CE /* Info.plist */,
			);
			name = "Supporting Files";
			sourceTree = "<group>";
		};
		C320FDE91B408D0E000569CE /* Frameworks */ = {
			isa = PBXGroup;
			children = (
				C320FDE71B408D0A000569CE /* DMFlightsFoundation.framework */,
			);
			name = Frameworks;
			sourceTree = "<group>";
		};
/* End PBXGroup section */

/* Begin PBXNativeTarget section */
		C320FDBA1B408C9A000569CE /* DMFlights */ = {
			isa = PBXNativeTarget;
			buildConfigurationList = C320FDDE1B408C9A000569CE /* Build configuration list for PBXNativeTarget "DMFlights" */;
			buildPhases = (
				C320FDB71B408C9A000569CE /* Sources */,
				C320FDB81B408C9A000569CE /* Frameworks */,
				C320FDB91B408C9A000569CE /* Resources */,
			);
			buildRules = (
			);
			dependencies = (
			);
			name = DMFlights;
			productName = DMFlights;
			productReference = C320FDBB1B408C9A000569CE /* DMFlights.app */;
			productType = "com.apple.product-type.application";
		};
		C320FDD31B408C9A000569CE /* DMFlightsTests */ = {
			isa = PBXNativeTarget;
			buildConfigurationList = C320FDE11B408C9A000569CE /* Build configuration list for PBXNativeTarget "DMFlightsTests" */;
			buildPhases = (
				C320FDD01B408C9A000569CE /* Sources */,
				C320FDD11B408C9A000569CE /* Frameworks */,
				C320FDD21B408C9A000569CE /* Resources */,
			);
			buildRules = (
			);
			dependencies = (
				C320FDD61B408C9A000569CE /* PBXTargetDependency */,
			);
			name = DMFlightsTests;
			productName = DMFlightsTests;
			productReference = C320FDD41B408C9A000569CE /* DMFlightsTests.xctest */;
			productType = "com.apple.product-type.bundle.unit-test";
		};
/* End PBXNativeTarget section */

/* Begin PBXProject section */
		C320FDB31B408C9A000569CE /* Project object */ = {
			isa = PBXProject;
			attributes = {
				LastUpgradeCheck = 0630;
				ORGANIZATIONNAME = Despegar.com;
				TargetAttributes = {
					C320FDBA1B408C9A000569CE = {
						CreatedOnToolsVersion = 6.3.2;
					};
					C320FDD31B408C9A000569CE = {
						CreatedOnToolsVersion = 6.3.2;
						TestTargetID = C320FDBA1B408C9A000569CE;
					};
				};
			};
			buildConfigurationList = C320FDB61B408C9A000569CE /* Build configuration list for PBXProject "DMFlights" */;
			compatibilityVersion = "Xcode 3.2";
			developmentRegion = English;
			hasScannedForEncodings = 0;
			knownRegions = (
				en,
				Base,
			);
			mainGroup = C320FDB21B408C9A000569CE;
			productRefGroup = C320FDBC1B408C9A000569CE /* Products */;
			projectDirPath = "";
			projectRoot = "";
			targets = (
				C320FDBA1B408C9A000569CE /* DMFlights */,
				C320FDD31B408C9A000569CE /* DMFlightsTests */,
			);
		};
/* End PBXProject section */

/* Begin PBXResourcesBuildPhase section */
		C320FDB91B408C9A000569CE /* Resources */ = {
			isa = PBXResourcesBuildPhase;
			buildActionMask = 2147483647;
			files = (
				C320FDCF1B408C9A000569CE /* LaunchScreen.xib in Resources */,
				C320FDCC1B408C9A000569CE /* Images.xcassets in Resources */,
			);
			runOnlyForDeploymentPostprocessing = 0;
		};
		C320FDD21B408C9A000569CE /* Resources */ = {
			isa = PBXResourcesBuildPhase;
			buildActionMask = 2147483647;
			files = (
			);
			runOnlyForDeploymentPostprocessing = 0;
		};
/* End PBXResourcesBuildPhase section */

/* Begin PBXSourcesBuildPhase section */
		C320FDB71B408C9A000569CE /* Sources */ = {
			isa = PBXSourcesBuildPhase;
			buildActionMask = 2147483647;
			files = (
				C320FDC41B408C9A000569CE /* AppDelegate.m in Sources */,
				C320FDC11B408C9A000569CE /* main.m in Sources */,
			);
			runOnlyForDeploymentPostprocessing = 0;
		};
		C320FDD01B408C9A000569CE /* Sources */ = {
			isa = PBXSourcesBuildPhase;
			buildActionMask = 2147483647;
			files = (
				C320FDDB1B408C9A000569CE /* DMFlightsTests.m in Sources */,
			);
			runOnlyForDeploymentPostprocessing = 0;
		};
/* End PBXSourcesBuildPhase section */

/* Begin PBXTargetDependency section */
		C320FDD61B408C9A000569CE /* PBXTargetDependency */ = {
			isa = PBXTargetDependency;
			target = C320FDBA1B408C9A000569CE /* DMFlights */;
			targetProxy = C320FDD51B408C9A000569CE /* PBXContainerItemProxy */;
		};
/* End PBXTargetDependency section */

/* Begin PBXVariantGroup section */
		C320FDCD1B408C9A000569CE /* LaunchScreen.xib */ = {
			isa = PBXVariantGroup;
			children = (
				C320FDCE1B408C9A000569CE /* Base */,
			);
			name = LaunchScreen.xib;
			sourceTree = "<group>";
		};
/* End PBXVariantGroup section */

/* Begin XCBuildConfiguration section */
		C320FDDC1B408C9A000569CE /* Debug */ = {
			isa = XCBuildConfiguration;
			buildSettings = {
				ALWAYS_SEARCH_USER_PATHS = NO;
				CLANG_CXX_LANGUAGE_STANDARD = "gnu++0x";
				CLANG_CXX_LIBRARY = "libc++";
				CLANG_ENABLE_MODULES = YES;
				CLANG_ENABLE_OBJC_ARC = YES;
				CLANG_WARN_BOOL_CONVERSION = YES;
				CLANG_WARN_CONSTANT_CONVERSION = YES;
				CLANG_WARN_DIRECT_OBJC_ISA_USAGE = YES_ERROR;
				CLANG_WARN_EMPTY_BODY = YES;
				CLANG_WARN_ENUM_CONVERSION = YES;
				CLANG_WARN_INT_CONVERSION = YES;
				CLANG_WARN_OBJC_ROOT_CLASS = YES_ERROR;
				CLANG_WARN_UNREACHABLE_CODE = YES;
				CLANG_WARN__DUPLICATE_METHOD_MATCH = YES;
				"CODE_SIGN_IDENTITY[sdk=iphoneos*]" = "iPhone Developer";
				COPY_PHASE_STRIP = NO;
				DEBUG_INFORMATION_FORMAT = "dwarf-with-dsym";
				ENABLE_STRICT_OBJC_MSGSEND = YES;
				GCC_C_LANGUAGE_STANDARD = gnu99;
				GCC_DYNAMIC_NO_PIC = NO;
				GCC_NO_COMMON_BLOCKS = YES;
				GCC_OPTIMIZATION_LEVEL = 0;
				GCC_PREPROCESSOR_DEFINITIONS = (
					"DEBUG=1",
					"$(inherited)",
				);
				GCC_SYMBOLS_PRIVATE_EXTERN = NO;
				GCC_WARN_64_TO_32_BIT_CONVERSION = YES;
				GCC_WARN_ABOUT_RETURN_TYPE = YES_ERROR;
				GCC_WARN_UNDECLARED_SELECTOR = YES;
				GCC_WARN_UNINITIALIZED_AUTOS = YES_AGGRESSIVE;
				GCC_WARN_UNUSED_FUNCTION = YES;
				GCC_WARN_UNUSED_VARIABLE = YES;
				IPHONEOS_DEPLOYMENT_TARGET = 8.3;
				MTL_ENABLE_DEBUG_INFO = YES;
				ONLY_ACTIVE_ARCH = YES;
				SDKROOT = iphoneos;
				TARGETED_DEVICE_FAMILY = "1,2";
			};
			name = Debug;
		};
		C320FDDD1B408C9A000569CE /* Release */ = {
			isa = XCBuildConfiguration;
			buildSettings = {
				ALWAYS_SEARCH_USER_PATHS = NO;
				CLANG_CXX_LANGUAGE_STANDARD = "gnu++0x";
				CLANG_CXX_LIBRARY = "libc++";
				CLANG_ENABLE_MODULES = YES;
				CLANG_ENABLE_OBJC_ARC = YES;
				CLANG_WARN_BOOL_CONVERSION = YES;
				CLANG_WARN_CONSTANT_CONVERSION = YES;
				CLANG_WARN_DIRECT_OBJC_ISA_USAGE = YES_ERROR;
				CLANG_WARN_EMPTY_BODY = YES;
				CLANG_WARN_ENUM_CONVERSION = YES;
				CLANG_WARN_INT_CONVERSION = YES;
				CLANG_WARN_OBJC_ROOT_CLASS = YES_ERROR;
				CLANG_WARN_UNREACHABLE_CODE = YES;
				CLANG_WARN__DUPLICATE_METHOD_MATCH = YES;
				"CODE_SIGN_IDENTITY[sdk=iphoneos*]" = "iPhone Developer";
				COPY_PHASE_STRIP = NO;
				DEBUG_INFORMATION_FORMAT = "dwarf-with-dsym";
				ENABLE_NS_ASSERTIONS = NO;
				ENABLE_STRICT_OBJC_MSGSEND = YES;
				GCC_C_LANGUAGE_STANDARD = gnu99;
				GCC_NO_COMMON_BLOCKS = YES;
				GCC_WARN_64_TO_32_BIT_CONVERSION = YES;
				GCC_WARN_ABOUT_RETURN_TYPE = YES_ERROR;
				GCC_WARN_UNDECLARED_SELECTOR = YES;
				GCC_WARN_UNINITIALIZED_AUTOS = YES_AGGRESSIVE;
				GCC_WARN_UNUSED_FUNCTION = YES;
				GCC_WARN_UNUSED_VARIABLE = YES;
				IPHONEOS_DEPLOYMENT_TARGET = 8.3;
				MTL_ENABLE_DEBUG_INFO = NO;
				SDKROOT = iphoneos;
				TARGETED_DEVICE_FAMILY = "1,2";
				VALIDATE_PRODUCT = YES;
			};
			name = Release;
		};
		C320FDDF1B408C9A000569CE /* Debug */ = {
			isa = XCBuildConfiguration;
			buildSettings = {
				ASSETCATALOG_COMPILER_APPICON_NAME = AppIcon;
				FRAMEWORK_SEARCH_PATHS = (
					"$(inherited)",
					"$(PROJECT_DIR)Foundation/build/Debug-iphoneos",
				);
				INFOPLIST_FILE = DMFlights/Info.plist;
				LD_RUNPATH_SEARCH_PATHS = "$(inherited) @executable_path/Frameworks";
				PRODUCT_NAME = "$(TARGET_NAME)";
			};
			name = Debug;
		};
		C320FDE01B408C9A000569CE /* Release */ = {
			isa = XCBuildConfiguration;
			buildSettings = {
				ASSETCATALOG_COMPILER_APPICON_NAME = AppIcon;
				FRAMEWORK_SEARCH_PATHS = (
					"$(inherited)",
					"$(PROJECT_DIR)Foundation/build/Debug-iphoneos",
				);
				INFOPLIST_FILE = DMFlights/Info.plist;
				LD_RUNPATH_SEARCH_PATHS = "$(inherited) @executable_path/Frameworks";
				PRODUCT_NAME = "$(TARGET_NAME)";
			};
			name = Release;
		};
		C320FDE21B408C9A000569CE /* Debug */ = {
			isa = XCBuildConfiguration;
			buildSettings = {
				BUNDLE_LOADER = "$(TEST_HOST)";
				FRAMEWORK_SEARCH_PATHS = (
					"$(SDKROOT)/Developer/Library/Frameworks",
					"$(inherited)",
				);
				GCC_PREPROCESSOR_DEFINITIONS = (
					"DEBUG=1",
					"$(inherited)",
				);
				INFOPLIST_FILE = DMFlightsTests/Info.plist;
				LD_RUNPATH_SEARCH_PATHS = "$(inherited) @executable_path/Frameworks @loader_path/Frameworks";
				PRODUCT_NAME = "$(TARGET_NAME)";
				TEST_HOST = "$(BUILT_PRODUCTS_DIR)/DMFlights.app/DMFlights";
			};
			name = Debug;
		};
		C320FDE31B408C9A000569CE /* Release */ = {
			isa = XCBuildConfiguration;
			buildSettings = {
				BUNDLE_LOADER = "$(TEST_HOST)";
				FRAMEWORK_SEARCH_PATHS = (
					"$(SDKROOT)/Developer/Library/Frameworks",
					"$(inherited)",
				);
				INFOPLIST_FILE = DMFlightsTests/Info.plist;
				LD_RUNPATH_SEARCH_PATHS = "$(inherited) @executable_path/Frameworks @loader_path/Frameworks";
				PRODUCT_NAME = "$(TARGET_NAME)";
				TEST_HOST = "$(BUILT_PRODUCTS_DIR)/DMFlights.app/DMFlights";
			};
			name = Release;
		};
/* End XCBuildConfiguration section */

/* Begin XCConfigurationList section */
		C320FDB61B408C9A000569CE /* Build configuration list for PBXProject "DMFlights" */ = {
			isa = XCConfigurationList;
			buildConfigurations = (
				C320FDDC1B408C9A000569CE /* Debug */,
				C320FDDD1B408C9A000569CE /* Release */,
			);
			defaultConfigurationIsVisible = 0;
			defaultConfigurationName = Release;
		};
		C320FDDE1B408C9A000569CE /* Build configuration list for PBXNativeTarget "DMFlights" */ = {
			isa = XCConfigurationList;
			buildConfigurations = (
				C320FDDF1B408C9A000569CE /* Debug */,
				C320FDE01B408C9A000569CE /* Release */,
			);
			defaultConfigurationIsVisible = 0;
		};
		C320FDE11B408C9A000569CE /* Build configuration list for PBXNativeTarget "DMFlightsTests" */ = {
			isa = XCConfigurationList;
			buildConfigurations = (
				C320FDE21B408C9A000569CE /* Debug */,
				C320FDE31B408C9A000569CE /* Release */,
			);
			defaultConfigurationIsVisible = 0;
		};
/* End XCConfigurationList section */
	};
	rootObject = C320FDB31B408C9A000569CE /* Project object */;
}
